// !$*UTF8*$!
{
	archiveVersion = 1;
	classes = {
	};
	objectVersion = 50;
	objects = {

/* Begin PBXBuildFile section */
		FE3E7BEA249DBFD00020EAD0 /* AppDelegate.swift in Sources */ = {isa = PBXBuildFile; fileRef = FE3E7BE9249DBFD00020EAD0 /* AppDelegate.swift */; };
		FE3E7BEC249DBFD10020EAD0 /* SceneDelegate.swift in Sources */ = {isa = PBXBuildFile; fileRef = FE3E7BEB249DBFD10020EAD0 /* SceneDelegate.swift */; };
		FE3E7BF1249DBFD10020EAD0 /* Main.storyboard in Resources */ = {isa = PBXBuildFile; fileRef = FE3E7BEF249DBFD10020EAD0 /* Main.storyboard */; };
		FE3E7BF3249DBFD30020EAD0 /* Assets.xcassets in Resources */ = {isa = PBXBuildFile; fileRef = FE3E7BF2249DBFD30020EAD0 /* Assets.xcassets */; };
		FE3E7BF6249DBFD30020EAD0 /* LaunchScreen.storyboard in Resources */ = {isa = PBXBuildFile; fileRef = FE3E7BF4249DBFD30020EAD0 /* LaunchScreen.storyboard */; };
		FE3E7C05249DC3A40020EAD0 /* NewsListModel.swift in Sources */ = {isa = PBXBuildFile; fileRef = FE3E7C04249DC3A40020EAD0 /* NewsListModel.swift */; };
		FE3E7C09249DC3EB0020EAD0 /* NewsListPresenter.swift in Sources */ = {isa = PBXBuildFile; fileRef = FE3E7C08249DC3EB0020EAD0 /* NewsListPresenter.swift */; };
		FE3E7C0B249DC4060020EAD0 /* NewsListViewController.swift in Sources */ = {isa = PBXBuildFile; fileRef = FE3E7C0A249DC4060020EAD0 /* NewsListViewController.swift */; };
		FE3E7C0D249DC4200020EAD0 /* NewsListProtocol.swift in Sources */ = {isa = PBXBuildFile; fileRef = FE3E7C0C249DC4200020EAD0 /* NewsListProtocol.swift */; };
		FE3E7C0F249DC42C0020EAD0 /* NewsListRouter.swift in Sources */ = {isa = PBXBuildFile; fileRef = FE3E7C0E249DC42C0020EAD0 /* NewsListRouter.swift */; };
		FE3E7C11249DC4480020EAD0 /* NewsListInteractor.swift in Sources */ = {isa = PBXBuildFile; fileRef = FE3E7C10249DC4480020EAD0 /* NewsListInteractor.swift */; };
		FE3E7C14249E3A4A0020EAD0 /* Constants.swift in Sources */ = {isa = PBXBuildFile; fileRef = FE3E7C13249E3A4A0020EAD0 /* Constants.swift */; };
		FE6CB9CC249FB79A00A6E874 /* NewsDetailModel.swift in Sources */ = {isa = PBXBuildFile; fileRef = FE6CB9CB249FB79A00A6E874 /* NewsDetailModel.swift */; };
		FE6CB9D0249FB7C600A6E874 /* NewsDetailInteractor.swift in Sources */ = {isa = PBXBuildFile; fileRef = FE6CB9CF249FB7C600A6E874 /* NewsDetailInteractor.swift */; };
		FE6CB9D2249FB81A00A6E874 /* NewsDetailProtocol.swift in Sources */ = {isa = PBXBuildFile; fileRef = FE6CB9D1249FB81A00A6E874 /* NewsDetailProtocol.swift */; };
		FE6CB9D4249FB98B00A6E874 /* NewsDetailRouter.swift in Sources */ = {isa = PBXBuildFile; fileRef = FE6CB9D3249FB98B00A6E874 /* NewsDetailRouter.swift */; };
		FE6CB9D6249FB9CF00A6E874 /* NewsDetailViewController.swift in Sources */ = {isa = PBXBuildFile; fileRef = FE6CB9D5249FB9CF00A6E874 /* NewsDetailViewController.swift */; };
		FE6CB9D8249FBA3600A6E874 /* NewsDetailPresenter.swift in Sources */ = {isa = PBXBuildFile; fileRef = FE6CB9D7249FBA3600A6E874 /* NewsDetailPresenter.swift */; };
		FE6CB9DB249FEC6500A6E874 /* NewsBookmarkViewController.swift in Sources */ = {isa = PBXBuildFile; fileRef = FE6CB9DA249FEC6500A6E874 /* NewsBookmarkViewController.swift */; };
		FE6CB9DD249FEC7A00A6E874 /* NewsBookmarkProtocol.swift in Sources */ = {isa = PBXBuildFile; fileRef = FE6CB9DC249FEC7A00A6E874 /* NewsBookmarkProtocol.swift */; };
		FE6CB9DF249FEC9400A6E874 /* NewsBookmarkPresenter.swift in Sources */ = {isa = PBXBuildFile; fileRef = FE6CB9DE249FEC9400A6E874 /* NewsBookmarkPresenter.swift */; };
		FE6CB9E1249FECA700A6E874 /* NewsBookmarkInteractor.swift in Sources */ = {isa = PBXBuildFile; fileRef = FE6CB9E0249FECA700A6E874 /* NewsBookmarkInteractor.swift */; };
		FE6CB9E3249FECBD00A6E874 /* NewsBookmarkRouter.swift in Sources */ = {isa = PBXBuildFile; fileRef = FE6CB9E2249FECBD00A6E874 /* NewsBookmarkRouter.swift */; };
/* End PBXBuildFile section */

/* Begin PBXFileReference section */
		FE3E7BE6249DBFD00020EAD0 /* Simple News.app */ = {isa = PBXFileReference; explicitFileType = wrapper.application; includeInIndex = 0; path = "Simple News.app"; sourceTree = BUILT_PRODUCTS_DIR; };
		FE3E7BE9249DBFD00020EAD0 /* AppDelegate.swift */ = {isa = PBXFileReference; lastKnownFileType = sourcecode.swift; path = AppDelegate.swift; sourceTree = "<group>"; };
		FE3E7BEB249DBFD10020EAD0 /* SceneDelegate.swift */ = {isa = PBXFileReference; lastKnownFileType = sourcecode.swift; path = SceneDelegate.swift; sourceTree = "<group>"; };
		FE3E7BF0249DBFD10020EAD0 /* Base */ = {isa = PBXFileReference; lastKnownFileType = file.storyboard; name = Base; path = Base.lproj/Main.storyboard; sourceTree = "<group>"; };
		FE3E7BF2249DBFD30020EAD0 /* Assets.xcassets */ = {isa = PBXFileReference; lastKnownFileType = folder.assetcatalog; path = Assets.xcassets; sourceTree = "<group>"; };
		FE3E7BF5249DBFD30020EAD0 /* Base */ = {isa = PBXFileReference; lastKnownFileType = file.storyboard; name = Base; path = Base.lproj/LaunchScreen.storyboard; sourceTree = "<group>"; };
		FE3E7BF7249DBFD30020EAD0 /* Info.plist */ = {isa = PBXFileReference; lastKnownFileType = text.plist.xml; path = Info.plist; sourceTree = "<group>"; };
		FE3E7C04249DC3A40020EAD0 /* NewsListModel.swift */ = {isa = PBXFileReference; lastKnownFileType = sourcecode.swift; path = NewsListModel.swift; sourceTree = "<group>"; };
		FE3E7C08249DC3EB0020EAD0 /* NewsListPresenter.swift */ = {isa = PBXFileReference; lastKnownFileType = sourcecode.swift; path = NewsListPresenter.swift; sourceTree = "<group>"; };
		FE3E7C0A249DC4060020EAD0 /* NewsListViewController.swift */ = {isa = PBXFileReference; lastKnownFileType = sourcecode.swift; path = NewsListViewController.swift; sourceTree = "<group>"; };
		FE3E7C0C249DC4200020EAD0 /* NewsListProtocol.swift */ = {isa = PBXFileReference; lastKnownFileType = sourcecode.swift; path = NewsListProtocol.swift; sourceTree = "<group>"; };
		FE3E7C0E249DC42C0020EAD0 /* NewsListRouter.swift */ = {isa = PBXFileReference; lastKnownFileType = sourcecode.swift; path = NewsListRouter.swift; sourceTree = "<group>"; };
		FE3E7C10249DC4480020EAD0 /* NewsListInteractor.swift */ = {isa = PBXFileReference; lastKnownFileType = sourcecode.swift; path = NewsListInteractor.swift; sourceTree = "<group>"; };
		FE3E7C13249E3A4A0020EAD0 /* Constants.swift */ = {isa = PBXFileReference; lastKnownFileType = sourcecode.swift; path = Constants.swift; sourceTree = "<group>"; };
		FE6CB9CB249FB79A00A6E874 /* NewsDetailModel.swift */ = {isa = PBXFileReference; lastKnownFileType = sourcecode.swift; path = NewsDetailModel.swift; sourceTree = "<group>"; };
		FE6CB9CF249FB7C600A6E874 /* NewsDetailInteractor.swift */ = {isa = PBXFileReference; lastKnownFileType = sourcecode.swift; path = NewsDetailInteractor.swift; sourceTree = "<group>"; };
		FE6CB9D1249FB81A00A6E874 /* NewsDetailProtocol.swift */ = {isa = PBXFileReference; lastKnownFileType = sourcecode.swift; path = NewsDetailProtocol.swift; sourceTree = "<group>"; };
		FE6CB9D3249FB98B00A6E874 /* NewsDetailRouter.swift */ = {isa = PBXFileReference; lastKnownFileType = sourcecode.swift; path = NewsDetailRouter.swift; sourceTree = "<group>"; };
		FE6CB9D5249FB9CF00A6E874 /* NewsDetailViewController.swift */ = {isa = PBXFileReference; lastKnownFileType = sourcecode.swift; path = NewsDetailViewController.swift; sourceTree = "<group>"; };
		FE6CB9D7249FBA3600A6E874 /* NewsDetailPresenter.swift */ = {isa = PBXFileReference; lastKnownFileType = sourcecode.swift; path = NewsDetailPresenter.swift; sourceTree = "<group>"; };
		FE6CB9DA249FEC6500A6E874 /* NewsBookmarkViewController.swift */ = {isa = PBXFileReference; lastKnownFileType = sourcecode.swift; path = NewsBookmarkViewController.swift; sourceTree = "<group>"; };
		FE6CB9DC249FEC7A00A6E874 /* NewsBookmarkProtocol.swift */ = {isa = PBXFileReference; lastKnownFileType = sourcecode.swift; path = NewsBookmarkProtocol.swift; sourceTree = "<group>"; };
		FE6CB9DE249FEC9400A6E874 /* NewsBookmarkPresenter.swift */ = {isa = PBXFileReference; lastKnownFileType = sourcecode.swift; path = NewsBookmarkPresenter.swift; sourceTree = "<group>"; };
		FE6CB9E0249FECA700A6E874 /* NewsBookmarkInteractor.swift */ = {isa = PBXFileReference; lastKnownFileType = sourcecode.swift; path = NewsBookmarkInteractor.swift; sourceTree = "<group>"; };
		FE6CB9E2249FECBD00A6E874 /* NewsBookmarkRouter.swift */ = {isa = PBXFileReference; lastKnownFileType = sourcecode.swift; path = NewsBookmarkRouter.swift; sourceTree = "<group>"; };
/* End PBXFileReference section */

/* Begin PBXFrameworksBuildPhase section */
		FE3E7BE3249DBFD00020EAD0 /* Frameworks */ = {
			isa = PBXFrameworksBuildPhase;
			buildActionMask = 2147483647;
			files = (
			);
			runOnlyForDeploymentPostprocessing = 0;
		};
/* End PBXFrameworksBuildPhase section */

/* Begin PBXGroup section */
		FE3E7BDD249DBFD00020EAD0 = {
			isa = PBXGroup;
			children = (
				FE3E7BE8249DBFD00020EAD0 /* Simple News */,
				FE3E7BE7249DBFD00020EAD0 /* Products */,
			);
			sourceTree = "<group>";
		};
		FE3E7BE7249DBFD00020EAD0 /* Products */ = {
			isa = PBXGroup;
			children = (
				FE3E7BE6249DBFD00020EAD0 /* Simple News.app */,
			);
			name = Products;
			sourceTree = "<group>";
		};
		FE3E7BE8249DBFD00020EAD0 /* Simple News */ = {
			isa = PBXGroup;
			children = (
				FE3E7BE9249DBFD00020EAD0 /* AppDelegate.swift */,
				FE3E7BEB249DBFD10020EAD0 /* SceneDelegate.swift */,
				FE3E7BFD249DC2B20020EAD0 /* App UI */,
				FE3E7BFE249DC2E40020EAD0 /* App Modules */,
				FE3E7C12249E3A350020EAD0 /* Helper */,
				FE3E7BF2249DBFD30020EAD0 /* Assets.xcassets */,
				FE3E7BF4249DBFD30020EAD0 /* LaunchScreen.storyboard */,
				FE3E7BF7249DBFD30020EAD0 /* Info.plist */,
			);
			path = "Simple News";
			sourceTree = "<group>";
		};
		FE3E7BFD249DC2B20020EAD0 /* App UI */ = {
			isa = PBXGroup;
			children = (
				FE3E7BEF249DBFD10020EAD0 /* Main.storyboard */,
			);
			path = "App UI";
			sourceTree = "<group>";
		};
		FE3E7BFE249DC2E40020EAD0 /* App Modules */ = {
			isa = PBXGroup;
			children = (
				FE3E7BFF249DC30A0020EAD0 /* News List Module */,
				FE6CB9D9249FEC4700A6E874 /* News Bookmark Module */,
				FE6CB9CA249FB6D300A6E874 /* News Detail Module */,
			);
			path = "App Modules";
			sourceTree = "<group>";
		};
		FE3E7BFF249DC30A0020EAD0 /* News List Module */ = {
			isa = PBXGroup;
			children = (
				FE3E7C04249DC3A40020EAD0 /* NewsListModel.swift */,
				FE3E7C08249DC3EB0020EAD0 /* NewsListPresenter.swift */,
				FE3E7C0A249DC4060020EAD0 /* NewsListViewController.swift */,
				FE3E7C0C249DC4200020EAD0 /* NewsListProtocol.swift */,
				FE3E7C0E249DC42C0020EAD0 /* NewsListRouter.swift */,
				FE3E7C10249DC4480020EAD0 /* NewsListInteractor.swift */,
			);
			path = "News List Module";
			sourceTree = "<group>";
		};
		FE3E7C12249E3A350020EAD0 /* Helper */ = {
			isa = PBXGroup;
			children = (
				FE3E7C13249E3A4A0020EAD0 /* Constants.swift */,
			);
			path = Helper;
			sourceTree = "<group>";
		};
		FE6CB9CA249FB6D300A6E874 /* News Detail Module */ = {
			isa = PBXGroup;
			children = (
				FE6CB9CB249FB79A00A6E874 /* NewsDetailModel.swift */,
				FE6CB9CF249FB7C600A6E874 /* NewsDetailInteractor.swift */,
				FE6CB9D1249FB81A00A6E874 /* NewsDetailProtocol.swift */,
				FE6CB9D3249FB98B00A6E874 /* NewsDetailRouter.swift */,
				FE6CB9D5249FB9CF00A6E874 /* NewsDetailViewController.swift */,
				FE6CB9D7249FBA3600A6E874 /* NewsDetailPresenter.swift */,
			);
			path = "News Detail Module";
			sourceTree = "<group>";
		};
		FE6CB9D9249FEC4700A6E874 /* News Bookmark Module */ = {
			isa = PBXGroup;
			children = (
				FE6CB9DA249FEC6500A6E874 /* NewsBookmarkViewController.swift */,
				FE6CB9DC249FEC7A00A6E874 /* NewsBookmarkProtocol.swift */,
				FE6CB9DE249FEC9400A6E874 /* NewsBookmarkPresenter.swift */,
				FE6CB9E0249FECA700A6E874 /* NewsBookmarkInteractor.swift */,
				FE6CB9E2249FECBD00A6E874 /* NewsBookmarkRouter.swift */,
			);
			path = "News Bookmark Module";
			sourceTree = "<group>";
		};
/* End PBXGroup section */

/* Begin PBXNativeTarget section */
		FE3E7BE5249DBFD00020EAD0 /* Simple News */ = {
			isa = PBXNativeTarget;
			buildConfigurationList = FE3E7BFA249DBFD30020EAD0 /* Build configuration list for PBXNativeTarget "Simple News" */;
			buildPhases = (
				FE3E7BE2249DBFD00020EAD0 /* Sources */,
				FE3E7BE3249DBFD00020EAD0 /* Frameworks */,
				FE3E7BE4249DBFD00020EAD0 /* Resources */,
			);
			buildRules = (
			);
			dependencies = (
			);
			name = "Simple News";
			productName = "Simple News";
			productReference = FE3E7BE6249DBFD00020EAD0 /* Simple News.app */;
			productType = "com.apple.product-type.application";
		};
/* End PBXNativeTarget section */

/* Begin PBXProject section */
		FE3E7BDE249DBFD00020EAD0 /* Project object */ = {
			isa = PBXProject;
			attributes = {
				LastSwiftUpdateCheck = 1150;
				LastUpgradeCheck = 1150;
				ORGANIZATIONNAME = "Leonnardo Benjamin Hutama";
				TargetAttributes = {
					FE3E7BE5249DBFD00020EAD0 = {
						CreatedOnToolsVersion = 11.5;
					};
				};
			};
			buildConfigurationList = FE3E7BE1249DBFD00020EAD0 /* Build configuration list for PBXProject "Simple News" */;
			compatibilityVersion = "Xcode 9.3";
			developmentRegion = en;
			hasScannedForEncodings = 0;
			knownRegions = (
				en,
				Base,
			);
			mainGroup = FE3E7BDD249DBFD00020EAD0;
			productRefGroup = FE3E7BE7249DBFD00020EAD0 /* Products */;
			projectDirPath = "";
			projectRoot = "";
			targets = (
				FE3E7BE5249DBFD00020EAD0 /* Simple News */,
			);
		};
/* End PBXProject section */

/* Begin PBXResourcesBuildPhase section */
		FE3E7BE4249DBFD00020EAD0 /* Resources */ = {
			isa = PBXResourcesBuildPhase;
			buildActionMask = 2147483647;
			files = (
				FE3E7BF6249DBFD30020EAD0 /* LaunchScreen.storyboard in Resources */,
				FE3E7BF3249DBFD30020EAD0 /* Assets.xcassets in Resources */,
				FE3E7BF1249DBFD10020EAD0 /* Main.storyboard in Resources */,
			);
			runOnlyForDeploymentPostprocessing = 0;
		};
/* End PBXResourcesBuildPhase section */

/* Begin PBXSourcesBuildPhase section */
		FE3E7BE2249DBFD00020EAD0 /* Sources */ = {
			isa = PBXSourcesBuildPhase;
			buildActionMask = 2147483647;
			files = (
				FE6CB9D0249FB7C600A6E874 /* NewsDetailInteractor.swift in Sources */,
				FE6CB9E1249FECA700A6E874 /* NewsBookmarkInteractor.swift in Sources */,
				FE6CB9DF249FEC9400A6E874 /* NewsBookmarkPresenter.swift in Sources */,
				FE3E7C0B249DC4060020EAD0 /* NewsListViewController.swift in Sources */,
				FE3E7C05249DC3A40020EAD0 /* NewsListModel.swift in Sources */,
				FE3E7C0F249DC42C0020EAD0 /* NewsListRouter.swift in Sources */,
				FE3E7C0D249DC4200020EAD0 /* NewsListProtocol.swift in Sources */,
				FE6CB9E3249FECBD00A6E874 /* NewsBookmarkRouter.swift in Sources */,
				FE6CB9DD249FEC7A00A6E874 /* NewsBookmarkProtocol.swift in Sources */,
				FE6CB9D2249FB81A00A6E874 /* NewsDetailProtocol.swift in Sources */,
				FE3E7BEA249DBFD00020EAD0 /* AppDelegate.swift in Sources */,
				FE3E7BEC249DBFD10020EAD0 /* SceneDelegate.swift in Sources */,
				FE3E7C09249DC3EB0020EAD0 /* NewsListPresenter.swift in Sources */,
				FE6CB9D4249FB98B00A6E874 /* NewsDetailRouter.swift in Sources */,
				FE6CB9DB249FEC6500A6E874 /* NewsBookmarkViewController.swift in Sources */,
				FE6CB9D6249FB9CF00A6E874 /* NewsDetailViewController.swift in Sources */,
				FE6CB9CC249FB79A00A6E874 /* NewsDetailModel.swift in Sources */,
				FE3E7C11249DC4480020EAD0 /* NewsListInteractor.swift in Sources */,
				FE3E7C14249E3A4A0020EAD0 /* Constants.swift in Sources */,
				FE6CB9D8249FBA3600A6E874 /* NewsDetailPresenter.swift in Sources */,
			);
			runOnlyForDeploymentPostprocessing = 0;
		};
/* End PBXSourcesBuildPhase section */

/* Begin PBXVariantGroup section */
		FE3E7BEF249DBFD10020EAD0 /* Main.storyboard */ = {
			isa = PBXVariantGroup;
			children = (
				FE3E7BF0249DBFD10020EAD0 /* Base */,
			);
			name = Main.storyboard;
			sourceTree = "<group>";
		};
		FE3E7BF4249DBFD30020EAD0 /* LaunchScreen.storyboard */ = {
			isa = PBXVariantGroup;
			children = (
				FE3E7BF5249DBFD30020EAD0 /* Base */,
			);
			name = LaunchScreen.storyboard;
			sourceTree = "<group>";
		};
/* End PBXVariantGroup section */

/* Begin XCBuildConfiguration section */
		FE3E7BF8249DBFD30020EAD0 /* Debug */ = {
			isa = XCBuildConfiguration;
			buildSettings = {
				ALWAYS_SEARCH_USER_PATHS = NO;
				CLANG_ANALYZER_NONNULL = YES;
				CLANG_ANALYZER_NUMBER_OBJECT_CONVERSION = YES_AGGRESSIVE;
				CLANG_CXX_LANGUAGE_STANDARD = "gnu++14";
				CLANG_CXX_LIBRARY = "libc++";
				CLANG_ENABLE_MODULES = YES;
				CLANG_ENABLE_OBJC_ARC = YES;
				CLANG_ENABLE_OBJC_WEAK = YES;
				CLANG_WARN_BLOCK_CAPTURE_AUTORELEASING = YES;
				CLANG_WARN_BOOL_CONVERSION = YES;
				CLANG_WARN_COMMA = YES;
				CLANG_WARN_CONSTANT_CONVERSION = YES;
				CLANG_WARN_DEPRECATED_OBJC_IMPLEMENTATIONS = YES;
				CLANG_WARN_DIRECT_OBJC_ISA_USAGE = YES_ERROR;
				CLANG_WARN_DOCUMENTATION_COMMENTS = YES;
				CLANG_WARN_EMPTY_BODY = YES;
				CLANG_WARN_ENUM_CONVERSION = YES;
				CLANG_WARN_INFINITE_RECURSION = YES;
				CLANG_WARN_INT_CONVERSION = YES;
				CLANG_WARN_NON_LITERAL_NULL_CONVERSION = YES;
				CLANG_WARN_OBJC_IMPLICIT_RETAIN_SELF = YES;
				CLANG_WARN_OBJC_LITERAL_CONVERSION = YES;
				CLANG_WARN_OBJC_ROOT_CLASS = YES_ERROR;
				CLANG_WARN_RANGE_LOOP_ANALYSIS = YES;
				CLANG_WARN_STRICT_PROTOTYPES = YES;
				CLANG_WARN_SUSPICIOUS_MOVE = YES;
				CLANG_WARN_UNGUARDED_AVAILABILITY = YES_AGGRESSIVE;
				CLANG_WARN_UNREACHABLE_CODE = YES;
				CLANG_WARN__DUPLICATE_METHOD_MATCH = YES;
				COPY_PHASE_STRIP = NO;
				DEBUG_INFORMATION_FORMAT = dwarf;
				ENABLE_STRICT_OBJC_MSGSEND = YES;
				ENABLE_TESTABILITY = YES;
				GCC_C_LANGUAGE_STANDARD = gnu11;
				GCC_DYNAMIC_NO_PIC = NO;
				GCC_NO_COMMON_BLOCKS = YES;
				GCC_OPTIMIZATION_LEVEL = 0;
				GCC_PREPROCESSOR_DEFINITIONS = (
					"DEBUG=1",
					"$(inherited)",
				);
				GCC_WARN_64_TO_32_BIT_CONVERSION = YES;
				GCC_WARN_ABOUT_RETURN_TYPE = YES_ERROR;
				GCC_WARN_UNDECLARED_SELECTOR = YES;
				GCC_WARN_UNINITIALIZED_AUTOS = YES_AGGRESSIVE;
				GCC_WARN_UNUSED_FUNCTION = YES;
				GCC_WARN_UNUSED_VARIABLE = YES;
				IPHONEOS_DEPLOYMENT_TARGET = 13.5;
				MTL_ENABLE_DEBUG_INFO = INCLUDE_SOURCE;
				MTL_FAST_MATH = YES;
				ONLY_ACTIVE_ARCH = YES;
				SDKROOT = iphoneos;
				SWIFT_ACTIVE_COMPILATION_CONDITIONS = DEBUG;
				SWIFT_OPTIMIZATION_LEVEL = "-Onone";
			};
			name = Debug;
		};
		FE3E7BF9249DBFD30020EAD0 /* Release */ = {
			isa = XCBuildConfiguration;
			buildSettings = {
				ALWAYS_SEARCH_USER_PATHS = NO;
				CLANG_ANALYZER_NONNULL = YES;
				CLANG_ANALYZER_NUMBER_OBJECT_CONVERSION = YES_AGGRESSIVE;
				CLANG_CXX_LANGUAGE_STANDARD = "gnu++14";
				CLANG_CXX_LIBRARY = "libc++";
				CLANG_ENABLE_MODULES = YES;
				CLANG_ENABLE_OBJC_ARC = YES;
				CLANG_ENABLE_OBJC_WEAK = YES;
				CLANG_WARN_BLOCK_CAPTURE_AUTORELEASING = YES;
				CLANG_WARN_BOOL_CONVERSION = YES;
				CLANG_WARN_COMMA = YES;
				CLANG_WARN_CONSTANT_CONVERSION = YES;
				CLANG_WARN_DEPRECATED_OBJC_IMPLEMENTATIONS = YES;
				CLANG_WARN_DIRECT_OBJC_ISA_USAGE = YES_ERROR;
				CLANG_WARN_DOCUMENTATION_COMMENTS = YES;
				CLANG_WARN_EMPTY_BODY = YES;
				CLANG_WARN_ENUM_CONVERSION = YES;
				CLANG_WARN_INFINITE_RECURSION = YES;
				CLANG_WARN_INT_CONVERSION = YES;
				CLANG_WARN_NON_LITERAL_NULL_CONVERSION = YES;
				CLANG_WARN_OBJC_IMPLICIT_RETAIN_SELF = YES;
				CLANG_WARN_OBJC_LITERAL_CONVERSION = YES;
				CLANG_WARN_OBJC_ROOT_CLASS = YES_ERROR;
				CLANG_WARN_RANGE_LOOP_ANALYSIS = YES;
				CLANG_WARN_STRICT_PROTOTYPES = YES;
				CLANG_WARN_SUSPICIOUS_MOVE = YES;
				CLANG_WARN_UNGUARDED_AVAILABILITY = YES_AGGRESSIVE;
				CLANG_WARN_UNREACHABLE_CODE = YES;
				CLANG_WARN__DUPLICATE_METHOD_MATCH = YES;
				COPY_PHASE_STRIP = NO;
				DEBUG_INFORMATION_FORMAT = "dwarf-with-dsym";
				ENABLE_NS_ASSERTIONS = NO;
				ENABLE_STRICT_OBJC_MSGSEND = YES;
				GCC_C_LANGUAGE_STANDARD = gnu11;
				GCC_NO_COMMON_BLOCKS = YES;
				GCC_WARN_64_TO_32_BIT_CONVERSION = YES;
				GCC_WARN_ABOUT_RETURN_TYPE = YES_ERROR;
				GCC_WARN_UNDECLARED_SELECTOR = YES;
				GCC_WARN_UNINITIALIZED_AUTOS = YES_AGGRESSIVE;
				GCC_WARN_UNUSED_FUNCTION = YES;
				GCC_WARN_UNUSED_VARIABLE = YES;
				IPHONEOS_DEPLOYMENT_TARGET = 13.5;
				MTL_ENABLE_DEBUG_INFO = NO;
				MTL_FAST_MATH = YES;
				SDKROOT = iphoneos;
				SWIFT_COMPILATION_MODE = wholemodule;
				SWIFT_OPTIMIZATION_LEVEL = "-O";
				VALIDATE_PRODUCT = YES;
			};
			name = Release;
		};
		FE3E7BFB249DBFD30020EAD0 /* Debug */ = {
			isa = XCBuildConfiguration;
			buildSettings = {
				ASSETCATALOG_COMPILER_APPICON_NAME = AppIcon;
				CODE_SIGN_STYLE = Automatic;
				DEVELOPMENT_TEAM = MZRSNJ29G3;
				INFOPLIST_FILE = "Simple News/Info.plist";
				LD_RUNPATH_SEARCH_PATHS = (
					"$(inherited)",
					"@executable_path/Frameworks",
				);
				PRODUCT_BUNDLE_IDENTIFIER = "com.leonn.Simple-News";
				PRODUCT_NAME = "$(TARGET_NAME)";
				SWIFT_VERSION = 5.0;
				TARGETED_DEVICE_FAMILY = "1,2";
			};
			name = Debug;
		};
		FE3E7BFC249DBFD30020EAD0 /* Release */ = {
			isa = XCBuildConfiguration;
			buildSettings = {
				ASSETCATALOG_COMPILER_APPICON_NAME = AppIcon;
				CODE_SIGN_STYLE = Automatic;
				DEVELOPMENT_TEAM = MZRSNJ29G3;
				INFOPLIST_FILE = "Simple News/Info.plist";
				LD_RUNPATH_SEARCH_PATHS = (
					"$(inherited)",
					"@executable_path/Frameworks",
				);
				PRODUCT_BUNDLE_IDENTIFIER = "com.leonn.Simple-News";
				PRODUCT_NAME = "$(TARGET_NAME)";
				SWIFT_VERSION = 5.0;
				TARGETED_DEVICE_FAMILY = "1,2";
			};
			name = Release;
		};
/* End XCBuildConfiguration section */

/* Begin XCConfigurationList section */
		FE3E7BE1249DBFD00020EAD0 /* Build configuration list for PBXProject "Simple News" */ = {
			isa = XCConfigurationList;
			buildConfigurations = (
				FE3E7BF8249DBFD30020EAD0 /* Debug */,
				FE3E7BF9249DBFD30020EAD0 /* Release */,
			);
			defaultConfigurationIsVisible = 0;
			defaultConfigurationName = Release;
		};
		FE3E7BFA249DBFD30020EAD0 /* Build configuration list for PBXNativeTarget "Simple News" */ = {
			isa = XCConfigurationList;
			buildConfigurations = (
				FE3E7BFB249DBFD30020EAD0 /* Debug */,
				FE3E7BFC249DBFD30020EAD0 /* Release */,
			);
			defaultConfigurationIsVisible = 0;
			defaultConfigurationName = Release;
		};
/* End XCConfigurationList section */
	};
	rootObject = FE3E7BDE249DBFD00020EAD0 /* Project object */;
}
